
Microsoft Visual Studio Solution File, Format Version 12.00
# Visual Studio Version 17
VisualStudioVersion = 17.3.32811.315
MinimumVisualStudioVersion = 10.0.40219.1
Project("{2150E333-8FDC-42A3-9474-1A3956D46DE8}") = "Presentation", "Presentation", "{722807E7-D803-4C85-91AE-C5E76F47B301}"
EndProject
Project("{2150E333-8FDC-42A3-9474-1A3956D46DE8}") = "Infrastructure", "Infrastructure", "{E05D8F56-6B01-4E58-9880-C55822DE3114}"
EndProject
Project("{2150E333-8FDC-42A3-9474-1A3956D46DE8}") = "Application", "Application", "{06B57F5E-DC76-4932-86DC-8D83A54A80F9}"
EndProject
Project("{2150E333-8FDC-42A3-9474-1A3956D46DE8}") = "Domain", "Domain", "{EA5D74B6-642E-44AB-8DB3-3586D59CCBD8}"
EndProject
Project("{2150E333-8FDC-42A3-9474-1A3956D46DE8}") = "Host", "Host", "{1F3CDE6D-5D0A-44E8-BC5A-A0682EEDEC86}"
EndProject
Project("{2150E333-8FDC-42A3-9474-1A3956D46DE8}") = "API", "API", "{E2082B34-FE32-4A80-AB95-C19F25A55363}"
EndProject
Project("{9A19103F-16F7-4668-BE54-9A1E7A4F7556}") = "API", "API\API.csproj", "{7FD61099-214E-4C19-B355-FA8AF9FD042F}"
EndProject
Project("{2150E333-8FDC-42A3-9474-1A3956D46DE8}") = "Contracts", "Contracts", "{CC4F6C2E-2289-48E5-BADC-B361809011F9}"
EndProject
Project("{9A19103F-16F7-4668-BE54-9A1E7A4F7556}") = "Contracts", "Contracts\Contracts.csproj", "{D77F2B21-E190-46F6-92A5-F99054C5FDD2}"
EndProject
Project("{9A19103F-16F7-4668-BE54-9A1E7A4F7556}") = "Infrastructure", "Infrastructure\Infrastructure.csproj", "{D5564256-D8EE-443C-B030-27C8404B2579}"
EndProject
Project("{9A19103F-16F7-4668-BE54-9A1E7A4F7556}") = "Application", "Application\Application.csproj", "{B374F6FE-A0DE-4611-927D-DE9C94B9D299}"
EndProject
Project("{9A19103F-16F7-4668-BE54-9A1E7A4F7556}") = "Domain", "Domain\Domain.csproj", "{912F006C-3B1D-4DC4-A883-95B4D5E6696A}"
EndProject
Global
	GlobalSection(SolutionConfigurationPlatforms) = preSolution
		Debug|Any CPU = Debug|Any CPU
		Release|Any CPU = Release|Any CPU
	EndGlobalSection
	GlobalSection(ProjectConfigurationPlatforms) = postSolution
		{7FD61099-214E-4C19-B355-FA8AF9FD042F}.Debug|Any CPU.ActiveCfg = Debug|Any CPU
		{7FD61099-214E-4C19-B355-FA8AF9FD042F}.Debug|Any CPU.Build.0 = Debug|Any CPU
		{7FD61099-214E-4C19-B355-FA8AF9FD042F}.Release|Any CPU.ActiveCfg = Release|Any CPU
		{7FD61099-214E-4C19-B355-FA8AF9FD042F}.Release|Any CPU.Build.0 = Release|Any CPU
		{D77F2B21-E190-46F6-92A5-F99054C5FDD2}.Debug|Any CPU.ActiveCfg = Debug|Any CPU
		{D77F2B21-E190-46F6-92A5-F99054C5FDD2}.Debug|Any CPU.Build.0 = Debug|Any CPU
		{D77F2B21-E190-46F6-92A5-F99054C5FDD2}.Release|Any CPU.ActiveCfg = Release|Any CPU
		{D77F2B21-E190-46F6-92A5-F99054C5FDD2}.Release|Any CPU.Build.0 = Release|Any CPU
		{D5564256-D8EE-443C-B030-27C8404B2579}.Debug|Any CPU.ActiveCfg = Debug|Any CPU
		{D5564256-D8EE-443C-B030-27C8404B2579}.Debug|Any CPU.Build.0 = Debug|Any CPU
		{D5564256-D8EE-443C-B030-27C8404B2579}.Release|Any CPU.ActiveCfg = Release|Any CPU
		{D5564256-D8EE-443C-B030-27C8404B2579}.Release|Any CPU.Build.0 = Release|Any CPU
		{B374F6FE-A0DE-4611-927D-DE9C94B9D299}.Debug|Any CPU.ActiveCfg = Debug|Any CPU
		{B374F6FE-A0DE-4611-927D-DE9C94B9D299}.Debug|Any CPU.Build.0 = Debug|Any CPU
		{B374F6FE-A0DE-4611-927D-DE9C94B9D299}.Release|Any CPU.ActiveCfg = Release|Any CPU
		{B374F6FE-A0DE-4611-927D-DE9C94B9D299}.Release|Any CPU.Build.0 = Release|Any CPU
		{912F006C-3B1D-4DC4-A883-95B4D5E6696A}.Debug|Any CPU.ActiveCfg = Debug|Any CPU
		{912F006C-3B1D-4DC4-A883-95B4D5E6696A}.Debug|Any CPU.Build.0 = Debug|Any CPU
		{912F006C-3B1D-4DC4-A883-95B4D5E6696A}.Release|Any CPU.ActiveCfg = Release|Any CPU
		{912F006C-3B1D-4DC4-A883-95B4D5E6696A}.Release|Any CPU.Build.0 = Release|Any CPU
	EndGlobalSection
	GlobalSection(SolutionProperties) = preSolution
		HideSolutionNode = FALSE
	EndGlobalSection
	GlobalSection(NestedProjects) = preSolution
		{1F3CDE6D-5D0A-44E8-BC5A-A0682EEDEC86} = {722807E7-D803-4C85-91AE-C5E76F47B301}
		{E2082B34-FE32-4A80-AB95-C19F25A55363} = {1F3CDE6D-5D0A-44E8-BC5A-A0682EEDEC86}
		{7FD61099-214E-4C19-B355-FA8AF9FD042F} = {E2082B34-FE32-4A80-AB95-C19F25A55363}
		{CC4F6C2E-2289-48E5-BADC-B361809011F9} = {722807E7-D803-4C85-91AE-C5E76F47B301}
		{D77F2B21-E190-46F6-92A5-F99054C5FDD2} = {CC4F6C2E-2289-48E5-BADC-B361809011F9}
		{D5564256-D8EE-443C-B030-27C8404B2579} = {E05D8F56-6B01-4E58-9880-C55822DE3114}
		{B374F6FE-A0DE-4611-927D-DE9C94B9D299} = {06B57F5E-DC76-4932-86DC-8D83A54A80F9}
		{912F006C-3B1D-4DC4-A883-95B4D5E6696A} = {EA5D74B6-642E-44AB-8DB3-3586D59CCBD8}
	EndGlobalSection
	GlobalSection(ExtensibilityGlobals) = postSolution
		SolutionGuid = {38A5DF41-0CA7-4191-B6CA-FD956C6C7F6A}
	EndGlobalSection
EndGlobal
